
Microsoft Visual Studio Solution File, Format Version 12.00
# Visual Studio Version 16
VisualStudioVersion = 16.0.35130.168
MinimumVisualStudioVersion = 10.0.40219.1
Project("{FAE04EC0-301F-11D3-BF4B-00C04F79EFBC}") = "DBMS_Activity", "DBMS_Activity.csproj", "{603F1DEA-BB45-48A7-BABF-BA716E26E18A}"
EndProject
Global
	GlobalSection(SolutionConfigurationPlatforms) = preSolution
		Debug|Any CPU = Debug|Any CPU
		Release|Any CPU = Release|Any CPU
	EndGlobalSection
	GlobalSection(ProjectConfigurationPlatforms) = postSolution
		{603F1DEA-BB45-48A7-BABF-BA716E26E18A}.Debug|Any CPU.ActiveCfg = Debug|Any CPU
		{603F1DEA-BB45-48A7-BABF-BA716E26E18A}.Debug|Any CPU.Build.0 = Debug|Any CPU
		{603F1DEA-BB45-48A7-BABF-BA716E26E18A}.Release|Any CPU.ActiveCfg = Release|Any CPU
		{603F1DEA-BB45-48A7-BABF-BA716E26E18A}.Release|Any CPU.Build.0 = Release|Any CPU
	EndGlobalSection
	GlobalSection(SolutionProperties) = preSolution
		HideSolutionNode = FALSE
	EndGlobalSection
	GlobalSection(ExtensibilityGlobals) = postSolution
		SolutionGuid = {EE938255-EF86-4D94-8692-C6A62EA5C3E6}
	EndGlobalSection
EndGlobal
